
Microsoft Visual Studio Solution File, Format Version 12.00
# Visual Studio Version 16
VisualStudioVersion = 16.0.29306.81
MinimumVisualStudioVersion = 10.0.40219.1
Project("{FAE04EC0-301F-11D3-BF4B-00C04F79EFBC}") = "TestGrblDifferences", "TestGrblDifferences\TestGrblDifferences.csproj", "{1A6C131C-71A0-47EC-9577-CC7E0E335C61}"
EndProject
Global
	GlobalSection(SolutionConfigurationPlatforms) = preSolution
		Debug|Any CPU = Debug|Any CPU
		Release|Any CPU = Release|Any CPU
	EndGlobalSection
	GlobalSection(ProjectConfigurationPlatforms) = postSolution
		{1A6C131C-71A0-47EC-9577-CC7E0E335C61}.Debug|Any CPU.ActiveCfg = Debug|Any CPU
		{1A6C131C-71A0-47EC-9577-CC7E0E335C61}.Debug|Any CPU.Build.0 = Debug|Any CPU
		{1A6C131C-71A0-47EC-9577-CC7E0E335C61}.Release|Any CPU.ActiveCfg = Release|Any CPU
		{1A6C131C-71A0-47EC-9577-CC7E0E335C61}.Release|Any CPU.Build.0 = Release|Any CPU
	EndGlobalSection
	GlobalSection(SolutionProperties) = preSolution
		HideSolutionNode = FALSE
	EndGlobalSection
	GlobalSection(ExtensibilityGlobals) = postSolution
		SolutionGuid = {4E181245-BA17-4C39-8790-870A8304C64F}
	EndGlobalSection
EndGlobal
